
Microsoft Visual Studio Solution File, Format Version 12.00
# Visual Studio 14
VisualStudioVersion = 14.0.25420.1
MinimumVisualStudioVersion = 10.0.40219.1
Project("{FAE04EC0-301F-11D3-BF4B-00C04F79EFBC}") = "ConsoleApplication1", "ConsoleApplication1\ConsoleApplication1.csproj", "{EBA4C623-0DCF-4B48-8DC0-BCF5251C1BD3}"
EndProject
Global
	GlobalSection(SolutionConfigurationPlatforms) = preSolution
		Debug|Any CPU = Debug|Any CPU
		Release|Any CPU = Release|Any CPU
	EndGlobalSection
	GlobalSection(ProjectConfigurationPlatforms) = postSolution
		{EBA4C623-0DCF-4B48-8DC0-BCF5251C1BD3}.Debug|Any CPU.ActiveCfg = Debug|Any CPU
		{EBA4C623-0DCF-4B48-8DC0-BCF5251C1BD3}.Debug|Any CPU.Build.0 = Debug|Any CPU
		{EBA4C623-0DCF-4B48-8DC0-BCF5251C1BD3}.Release|Any CPU.ActiveCfg = Release|Any CPU
		{EBA4C623-0DCF-4B48-8DC0-BCF5251C1BD3}.Release|Any CPU.Build.0 = Release|Any CPU
	EndGlobalSection
	GlobalSection(SolutionProperties) = preSolution
		HideSolutionNode = FALSE
	EndGlobalSection
EndGlobal
